{
  "lockfileVersion": 1,
  "configVersion": 0,
  "workspaces": {
    "": {
      "name": "@asymmetric-effort/nogginlessdom",
      "devDependencies": {
        "@asymmetric-effort/jsonlint": "^0.0.5",
        "@asymmetric-effort/yamllint": "^0.0.6",
        "@typescript-eslint/eslint-plugin": "^8.59.4",
        "@typescript-eslint/parser": "8.60.1",
        "bun-types": "^1.2.0",
        "eslint": "^10.0.0",
        "markdownlint-cli": "^0.48.0",
        "prettier": "^3.0.0",
        "typescript": "^6.0.0",
      },
    },
  },
  "packages": {
    "@asymmetric-effort/jsonlint": ["@asymmetric-effort/jsonlint@0.0.5", "", { "bin": { "jsonlint": "bin/jsonlint" } }, "sha512-5eWXcGc6K4H4yO3Qq7+1wFvOH79Kkg5sO+VGZW2qKp91qe6s5E8+nUiXYfg07tIHSOtbaUpaf3XslNIwuXm0OQ=="],

    "@asymmetric-effort/yamllint": ["@asymmetric-effort/yamllint@0.0.6", "", { "bin": { "yamllint": "build/bin.js" } }, "sha512-tjhdsHG69spj+EhlgkLwvHFfFD01sODwi9LK6OxOiORkfi9UbWE7ydqOWshkdhVDgrYFJchZTXRpQy2vtHlJ0g=="],

    "@eslint-community/eslint-utils": ["@eslint-community/eslint-utils@4.9.1", "", { "dependencies": { "eslint-visitor-keys": "^3.4.3" }, "peerDependencies": { "eslint": "^6.0.0 || ^7.0.0 || >=8.0.0" } }, ""],

    "@eslint-community/regexpp": ["@eslint-community/regexpp@4.12.2", "", {}, ""],

    "@eslint/config-array": ["@eslint/config-array@0.23.5", "", { "dependencies": { "@eslint/object-schema": "^3.0.5", "debug": "^4.3.1", "minimatch": "^10.2.4" } }, ""],

    "@eslint/config-helpers": ["@eslint/config-helpers@0.6.0", "", { "dependencies": { "@eslint/core": "^1.2.1" } }, ""],

    "@eslint/core": ["@eslint/core@1.2.1", "", { "dependencies": { "@types/json-schema": "^7.0.15" } }, ""],

    "@eslint/object-schema": ["@eslint/object-schema@3.0.5", "", {}, ""],

    "@eslint/plugin-kit": ["@eslint/plugin-kit@0.7.1", "", { "dependencies": { "@eslint/core": "^1.2.1", "levn": "^0.4.1" } }, ""],

    "@humanfs/core": ["@humanfs/core@0.19.2", "", { "dependencies": { "@humanfs/types": "^0.15.0" } }, ""],

    "@humanfs/node": ["@humanfs/node@0.16.8", "", { "dependencies": { "@humanfs/core": "^0.19.2", "@humanfs/types": "^0.15.0", "@humanwhocodes/retry": "^0.4.0" } }, ""],

    "@humanfs/types": ["@humanfs/types@0.15.0", "", {}, ""],

    "@humanwhocodes/module-importer": ["@humanwhocodes/module-importer@1.0.1", "", {}, ""],

    "@humanwhocodes/retry": ["@humanwhocodes/retry@0.4.3", "", {}, ""],

    "@types/debug": ["@types/debug@4.1.13", "", { "dependencies": { "@types/ms": "*" } }, ""],

    "@types/esrecurse": ["@types/esrecurse@4.3.1", "", {}, ""],

    "@types/estree": ["@types/estree@1.0.9", "", {}, ""],

    "@types/json-schema": ["@types/json-schema@7.0.15", "", {}, ""],

    "@types/katex": ["@types/katex@0.16.8", "", {}, ""],

    "@types/ms": ["@types/ms@2.1.0", "", {}, ""],

    "@types/node": ["@types/node@25.8.0", "", { "dependencies": { "undici-types": ">=7.24.0 <7.24.7" } }, ""],

    "@types/unist": ["@types/unist@2.0.11", "", {}, ""],

    "@typescript-eslint/eslint-plugin": ["@typescript-eslint/eslint-plugin@8.60.0", "", { "dependencies": { "@eslint-community/regexpp": "^4.12.2", "@typescript-eslint/scope-manager": "8.60.0", "@typescript-eslint/type-utils": "8.60.0", "@typescript-eslint/utils": "8.60.0", "@typescript-eslint/visitor-keys": "8.60.0", "ignore": "^7.0.5", "natural-compare": "^1.4.0", "ts-api-utils": "^2.5.0" }, "peerDependencies": { "@typescript-eslint/parser": "^8.60.0", "eslint": "^8.57.0 || ^9.0.0 || ^10.0.0", "typescript": ">=4.8.4 <6.1.0" } }, "sha512-QYb/sa74/s7OKMbACMjrYnGspj9Hs5YI5aaffSL65UfeBUzVzBJfVo3oWSpbzPurvm7yaCCo2Lk7lVj610HqKw=="],

    "@typescript-eslint/parser": ["@typescript-eslint/parser@8.60.1", "", { "dependencies": { "@typescript-eslint/scope-manager": "8.60.1", "@typescript-eslint/types": "8.60.1", "@typescript-eslint/typescript-estree": "8.60.1", "@typescript-eslint/visitor-keys": "8.60.1", "debug": "^4.4.3" }, "peerDependencies": { "eslint": "^8.57.0 || ^9.0.0 || ^10.0.0", "typescript": ">=4.8.4 <6.1.0" } }, "sha512-A0M6ua6H252bVjPvvtSgl2QA4+ET9S5Mtkb2GDyTxIhH/C4qDItT7RQNO5PhMC6NXGYXOR9dIalcDDgBKT7oFA=="],

    "@typescript-eslint/project-service": ["@typescript-eslint/project-service@8.60.1", "", { "dependencies": { "@typescript-eslint/tsconfig-utils": "^8.60.1", "@typescript-eslint/types": "^8.60.1", "debug": "^4.4.3" }, "peerDependencies": { "typescript": ">=4.8.4 <6.1.0" } }, "sha512-eXkTH2bxmXlqD1RnOPmLZ9ZM9D3VwSx04JOwBnP9RQ+yUA5a2Mu7SfW8uaV2Aon53NJzZlZYuX7tn91Izf+xaw=="],

    "@typescript-eslint/scope-manager": ["@typescript-eslint/scope-manager@8.60.0", "", { "dependencies": { "@typescript-eslint/types": "8.60.0", "@typescript-eslint/visitor-keys": "8.60.0" } }, "sha512-pFzqhllJMs+jghLQWzV00ds39xLzuyqPSev5pd8f4Ir0rtKR3ZLUB4/4dhjOFighWb9larvtfJvqL+4yKDI3Xw=="],

    "@typescript-eslint/tsconfig-utils": ["@typescript-eslint/tsconfig-utils@8.60.1", "", { "peerDependencies": { "typescript": ">=4.8.4 <6.1.0" } }, "sha512-nh8w4qAteiKuZu3pSSzG/yGKpw0OlkrKnzFmbVRenKaD4qc+7i1GrmZaLVkr8rk4uipiPGMOW4YsM6WmKZ5CvA=="],

    "@typescript-eslint/type-utils": ["@typescript-eslint/type-utils@8.60.0", "", { "dependencies": { "@typescript-eslint/types": "8.60.0", "@typescript-eslint/typescript-estree": "8.60.0", "@typescript-eslint/utils": "8.60.0", "debug": "^4.4.3", "ts-api-utils": "^2.5.0" }, "peerDependencies": { "eslint": "^8.57.0 || ^9.0.0 || ^10.0.0", "typescript": ">=4.8.4 <6.1.0" } }, "sha512-SX46wEUtitCpq7AN38HkUU/+zvUpdKf7ephtWAFgckH8O7PQIyL5gvrhQgBLuEYgLfuKWOVvWVskMbuFHAz5xg=="],

    "@typescript-eslint/types": ["@typescript-eslint/types@8.60.1", "", {}, "sha512-4h0tY8ppCkdCzcrl2YM5M3my0xsE1Tf8om3owEu5oPWmXwkKRmk0j0LGDzYBGUcAlesEbxBhazqu/K4cu3Ug7w=="],

    "@typescript-eslint/typescript-estree": ["@typescript-eslint/typescript-estree@8.60.1", "", { "dependencies": { "@typescript-eslint/project-service": "8.60.1", "@typescript-eslint/tsconfig-utils": "8.60.1", "@typescript-eslint/types": "8.60.1", "@typescript-eslint/visitor-keys": "8.60.1", "debug": "^4.4.3", "minimatch": "^10.2.2", "semver": "^7.7.3", "tinyglobby": "^0.2.15", "ts-api-utils": "^2.5.0" }, "peerDependencies": { "typescript": ">=4.8.4 <6.1.0" } }, "sha512-alpRkfG8hlVE5kdJW2GkfgDgXxold3e8e4l6EnmhRmRLbekgAPCCGDVD++sABy9FcgPFroq+uFcCSM1vR57Cew=="],

    "@typescript-eslint/utils": ["@typescript-eslint/utils@8.60.0", "", { "dependencies": { "@eslint-community/eslint-utils": "^4.9.1", "@typescript-eslint/scope-manager": "8.60.0", "@typescript-eslint/types": "8.60.0", "@typescript-eslint/typescript-estree": "8.60.0" }, "peerDependencies": { "eslint": "^8.57.0 || ^9.0.0 || ^10.0.0", "typescript": ">=4.8.4 <6.1.0" } }, "sha512-HtXuPfrHTyBDkameWpl+vJb1Uevu2tznAyahM1Oc4AENidCLTPiZDWIo4GfcxNdC/RcfGcadzzkqbRG87dUrQA=="],

    "@typescript-eslint/visitor-keys": ["@typescript-eslint/visitor-keys@8.60.0", "", { "dependencies": { "@typescript-eslint/types": "8.60.0", "eslint-visitor-keys": "^5.0.0" } }, "sha512-9WI52t8ZGLVGrPMBet25yAftqY/n95+zmoUUtJBBQTKDSKUu7OsPTroT2op7U9JatkoRccL0YkWDNMFfC4Sjxg=="],

    "acorn": ["acorn@8.16.0", "", { "bin": "bin/acorn" }, ""],

    "acorn-jsx": ["acorn-jsx@5.3.2", "", { "peerDependencies": { "acorn": "^6.0.0 || ^7.0.0 || ^8.0.0" } }, ""],

    "ajv": ["ajv@6.15.0", "", { "dependencies": { "fast-deep-equal": "^3.1.1", "fast-json-stable-stringify": "^2.0.0", "json-schema-traverse": "^0.4.1", "uri-js": "^4.2.2" } }, ""],

    "ansi-regex": ["ansi-regex@6.2.2", "", {}, ""],

    "argparse": ["argparse@2.0.1", "", {}, ""],

    "balanced-match": ["balanced-match@4.0.4", "", {}, ""],

    "brace-expansion": ["brace-expansion@5.0.6", "", { "dependencies": { "balanced-match": "^4.0.2" } }, ""],

    "bun-types": ["bun-types@1.3.14", "", { "dependencies": { "@types/node": "*" } }, "sha512-4N0ig0fEomHt5R0KCFWjovxow98rIoRwKolrYdCcknNwMekCXRnWEUvgu5soYV8QXtVsrUD8B95MBOZGPvr6KQ=="],

    "character-entities": ["character-entities@2.0.2", "", {}, ""],

    "character-entities-legacy": ["character-entities-legacy@3.0.0", "", {}, ""],

    "character-reference-invalid": ["character-reference-invalid@2.0.1", "", {}, ""],

    "commander": ["commander@14.0.3", "", {}, ""],

    "cross-spawn": ["cross-spawn@7.0.6", "", { "dependencies": { "path-key": "^3.1.0", "shebang-command": "^2.0.0", "which": "^2.0.1" } }, ""],

    "debug": ["debug@4.4.3", "", { "dependencies": { "ms": "^2.1.3" } }, ""],

    "decode-named-character-reference": ["decode-named-character-reference@1.3.0", "", { "dependencies": { "character-entities": "^2.0.0" } }, ""],

    "deep-extend": ["deep-extend@0.6.0", "", {}, ""],

    "deep-is": ["deep-is@0.1.4", "", {}, ""],

    "dequal": ["dequal@2.0.3", "", {}, ""],

    "devlop": ["devlop@1.1.0", "", { "dependencies": { "dequal": "^2.0.0" } }, ""],

    "entities": ["entities@4.5.0", "", {}, ""],

    "escape-string-regexp": ["escape-string-regexp@4.0.0", "", {}, ""],

    "eslint": ["eslint@10.4.0", "", { "dependencies": { "@eslint-community/eslint-utils": "^4.8.0", "@eslint-community/regexpp": "^4.12.2", "@eslint/config-array": "^0.23.5", "@eslint/config-helpers": "^0.6.0", "@eslint/core": "^1.2.1", "@eslint/plugin-kit": "^0.7.1", "@humanfs/node": "^0.16.6", "@humanwhocodes/module-importer": "^1.0.1", "@humanwhocodes/retry": "^0.4.2", "@types/estree": "^1.0.6", "ajv": "^6.14.0", "cross-spawn": "^7.0.6", "debug": "^4.3.2", "escape-string-regexp": "^4.0.0", "eslint-scope": "^9.1.2", "eslint-visitor-keys": "^5.0.1", "espree": "^11.2.0", "esquery": "^1.7.0", "esutils": "^2.0.2", "fast-deep-equal": "^3.1.3", "file-entry-cache": "^8.0.0", "find-up": "^5.0.0", "glob-parent": "^6.0.2", "ignore": "^5.2.0", "imurmurhash": "^0.1.4", "is-glob": "^4.0.0", "json-stable-stringify-without-jsonify": "^1.0.1", "minimatch": "^10.2.4", "natural-compare": "^1.4.0", "optionator": "^0.9.3" }, "peerDependencies": { "jiti": "*" }, "optionalPeers": ["jiti"], "bin": "bin/eslint.js" }, ""],

    "eslint-scope": ["eslint-scope@9.1.2", "", { "dependencies": { "@types/esrecurse": "^4.3.1", "@types/estree": "^1.0.8", "esrecurse": "^4.3.0", "estraverse": "^5.2.0" } }, ""],

    "eslint-visitor-keys": ["eslint-visitor-keys@5.0.1", "", {}, ""],

    "espree": ["espree@11.2.0", "", { "dependencies": { "acorn": "^8.16.0", "acorn-jsx": "^5.3.2", "eslint-visitor-keys": "^5.0.1" } }, ""],

    "esquery": ["esquery@1.7.0", "", { "dependencies": { "estraverse": "^5.1.0" } }, ""],

    "esrecurse": ["esrecurse@4.3.0", "", { "dependencies": { "estraverse": "^5.2.0" } }, ""],

    "estraverse": ["estraverse@5.3.0", "", {}, ""],

    "esutils": ["esutils@2.0.3", "", {}, ""],

    "fast-deep-equal": ["fast-deep-equal@3.1.3", "", {}, ""],

    "fast-json-stable-stringify": ["fast-json-stable-stringify@2.1.0", "", {}, ""],

    "fast-levenshtein": ["fast-levenshtein@2.0.6", "", {}, ""],

    "fdir": ["fdir@6.5.0", "", { "peerDependencies": { "picomatch": "^3 || ^4" } }, ""],

    "file-entry-cache": ["file-entry-cache@8.0.0", "", { "dependencies": { "flat-cache": "^4.0.0" } }, ""],

    "find-up": ["find-up@5.0.0", "", { "dependencies": { "locate-path": "^6.0.0", "path-exists": "^4.0.0" } }, ""],

    "flat-cache": ["flat-cache@4.0.1", "", { "dependencies": { "flatted": "^3.2.9", "keyv": "^4.5.4" } }, ""],

    "flatted": ["flatted@3.4.2", "", {}, ""],

    "get-east-asian-width": ["get-east-asian-width@1.6.0", "", {}, ""],

    "glob-parent": ["glob-parent@6.0.2", "", { "dependencies": { "is-glob": "^4.0.3" } }, ""],

    "ignore": ["ignore@7.0.5", "", {}, ""],

    "imurmurhash": ["imurmurhash@0.1.4", "", {}, ""],

    "ini": ["ini@4.1.3", "", {}, ""],

    "is-alphabetical": ["is-alphabetical@2.0.1", "", {}, ""],

    "is-alphanumerical": ["is-alphanumerical@2.0.1", "", { "dependencies": { "is-alphabetical": "^2.0.0", "is-decimal": "^2.0.0" } }, ""],

    "is-decimal": ["is-decimal@2.0.1", "", {}, ""],

    "is-extglob": ["is-extglob@2.1.1", "", {}, ""],

    "is-glob": ["is-glob@4.0.3", "", { "dependencies": { "is-extglob": "^2.1.1" } }, ""],

    "is-hexadecimal": ["is-hexadecimal@2.0.1", "", {}, ""],

    "isexe": ["isexe@2.0.0", "", {}, ""],

    "js-yaml": ["js-yaml@4.1.1", "", { "dependencies": { "argparse": "^2.0.1" }, "bin": "bin/js-yaml.js" }, ""],

    "json-buffer": ["json-buffer@3.0.1", "", {}, ""],

    "json-schema-traverse": ["json-schema-traverse@0.4.1", "", {}, ""],

    "json-stable-stringify-without-jsonify": ["json-stable-stringify-without-jsonify@1.0.1", "", {}, ""],

    "jsonc-parser": ["jsonc-parser@3.3.1", "", {}, ""],

    "jsonpointer": ["jsonpointer@5.0.1", "", {}, ""],

    "katex": ["katex@0.16.47", "", { "dependencies": { "commander": "^8.3.0" }, "bin": "cli.js" }, ""],

    "keyv": ["keyv@4.5.4", "", { "dependencies": { "json-buffer": "3.0.1" } }, ""],

    "levn": ["levn@0.4.1", "", { "dependencies": { "prelude-ls": "^1.2.1", "type-check": "~0.4.0" } }, ""],

    "linkify-it": ["linkify-it@5.0.0", "", { "dependencies": { "uc.micro": "^2.0.0" } }, ""],

    "locate-path": ["locate-path@6.0.0", "", { "dependencies": { "p-locate": "^5.0.0" } }, ""],

    "markdown-it": ["markdown-it@14.1.1", "", { "dependencies": { "argparse": "^2.0.1", "entities": "^4.4.0", "linkify-it": "^5.0.0", "mdurl": "^2.0.0", "punycode.js": "^2.3.1", "uc.micro": "^2.1.0" }, "bin": "bin/markdown-it.mjs" }, ""],

    "markdownlint": ["markdownlint@0.40.0", "", { "dependencies": { "micromark": "4.0.2", "micromark-core-commonmark": "2.0.3", "micromark-extension-directive": "4.0.0", "micromark-extension-gfm-autolink-literal": "2.1.0", "micromark-extension-gfm-footnote": "2.1.0", "micromark-extension-gfm-table": "2.1.1", "micromark-extension-math": "3.1.0", "micromark-util-types": "2.0.2", "string-width": "8.1.0" } }, ""],

    "markdownlint-cli": ["markdownlint-cli@0.48.0", "", { "dependencies": { "commander": "~14.0.3", "deep-extend": "~0.6.0", "ignore": "~7.0.5", "js-yaml": "~4.1.1", "jsonc-parser": "~3.3.1", "jsonpointer": "~5.0.1", "markdown-it": "~14.1.1", "markdownlint": "~0.40.0", "minimatch": "~10.2.4", "run-con": "~1.3.2", "smol-toml": "~1.6.0", "tinyglobby": "~0.2.15" }, "bin": { "markdownlint": "markdownlint.js" } }, ""],

    "mdurl": ["mdurl@2.0.0", "", {}, ""],

    "micromark": ["micromark@4.0.2", "", { "dependencies": { "@types/debug": "^4.0.0", "debug": "^4.0.0", "decode-named-character-reference": "^1.0.0", "devlop": "^1.0.0", "micromark-core-commonmark": "^2.0.0", "micromark-factory-space": "^2.0.0", "micromark-util-character": "^2.0.0", "micromark-util-chunked": "^2.0.0", "micromark-util-combine-extensions": "^2.0.0", "micromark-util-decode-numeric-character-reference": "^2.0.0", "micromark-util-encode": "^2.0.0", "micromark-util-normalize-identifier": "^2.0.0", "micromark-util-resolve-all": "^2.0.0", "micromark-util-sanitize-uri": "^2.0.0", "micromark-util-subtokenize": "^2.0.0", "micromark-util-symbol": "^2.0.0", "micromark-util-types": "^2.0.0" } }, ""],

    "micromark-core-commonmark": ["micromark-core-commonmark@2.0.3", "", { "dependencies": { "decode-named-character-reference": "^1.0.0", "devlop": "^1.0.0", "micromark-factory-destination": "^2.0.0", "micromark-factory-label": "^2.0.0", "micromark-factory-space": "^2.0.0", "micromark-factory-title": "^2.0.0", "micromark-factory-whitespace": "^2.0.0", "micromark-util-character": "^2.0.0", "micromark-util-chunked": "^2.0.0", "micromark-util-classify-character": "^2.0.0", "micromark-util-html-tag-name": "^2.0.0", "micromark-util-normalize-identifier": "^2.0.0", "micromark-util-resolve-all": "^2.0.0", "micromark-util-subtokenize": "^2.0.0", "micromark-util-symbol": "^2.0.0", "micromark-util-types": "^2.0.0" } }, ""],

    "micromark-extension-directive": ["micromark-extension-directive@4.0.0", "", { "dependencies": { "devlop": "^1.0.0", "micromark-factory-space": "^2.0.0", "micromark-factory-whitespace": "^2.0.0", "micromark-util-character": "^2.0.0", "micromark-util-symbol": "^2.0.0", "micromark-util-types": "^2.0.0", "parse-entities": "^4.0.0" } }, ""],

    "micromark-extension-gfm-autolink-literal": ["micromark-extension-gfm-autolink-literal@2.1.0", "", { "dependencies": { "micromark-util-character": "^2.0.0", "micromark-util-sanitize-uri": "^2.0.0", "micromark-util-symbol": "^2.0.0", "micromark-util-types": "^2.0.0" } }, ""],

    "micromark-extension-gfm-footnote": ["micromark-extension-gfm-footnote@2.1.0", "", { "dependencies": { "devlop": "^1.0.0", "micromark-core-commonmark": "^2.0.0", "micromark-factory-space": "^2.0.0", "micromark-util-character": "^2.0.0", "micromark-util-normalize-identifier": "^2.0.0", "micromark-util-sanitize-uri": "^2.0.0", "micromark-util-symbol": "^2.0.0", "micromark-util-types": "^2.0.0" } }, ""],

    "micromark-extension-gfm-table": ["micromark-extension-gfm-table@2.1.1", "", { "dependencies": { "devlop": "^1.0.0", "micromark-factory-space": "^2.0.0", "micromark-util-character": "^2.0.0", "micromark-util-symbol": "^2.0.0", "micromark-util-types": "^2.0.0" } }, ""],

    "micromark-extension-math": ["micromark-extension-math@3.1.0", "", { "dependencies": { "@types/katex": "^0.16.0", "devlop": "^1.0.0", "katex": "^0.16.0", "micromark-factory-space": "^2.0.0", "micromark-util-character": "^2.0.0", "micromark-util-symbol": "^2.0.0", "micromark-util-types": "^2.0.0" } }, ""],

    "micromark-factory-destination": ["micromark-factory-destination@2.0.1", "", { "dependencies": { "micromark-util-character": "^2.0.0", "micromark-util-symbol": "^2.0.0", "micromark-util-types": "^2.0.0" } }, ""],

    "micromark-factory-label": ["micromark-factory-label@2.0.1", "", { "dependencies": { "devlop": "^1.0.0", "micromark-util-character": "^2.0.0", "micromark-util-symbol": "^2.0.0", "micromark-util-types": "^2.0.0" } }, ""],

    "micromark-factory-space": ["micromark-factory-space@2.0.1", "", { "dependencies": { "micromark-util-character": "^2.0.0", "micromark-util-types": "^2.0.0" } }, ""],

    "micromark-factory-title": ["micromark-factory-title@2.0.1", "", { "dependencies": { "micromark-factory-space": "^2.0.0", "micromark-util-character": "^2.0.0", "micromark-util-symbol": "^2.0.0", "micromark-util-types": "^2.0.0" } }, ""],

    "micromark-factory-whitespace": ["micromark-factory-whitespace@2.0.1", "", { "dependencies": { "micromark-factory-space": "^2.0.0", "micromark-util-character": "^2.0.0", "micromark-util-symbol": "^2.0.0", "micromark-util-types": "^2.0.0" } }, ""],

    "micromark-util-character": ["micromark-util-character@2.1.1", "", { "dependencies": { "micromark-util-symbol": "^2.0.0", "micromark-util-types": "^2.0.0" } }, ""],

    "micromark-util-chunked": ["micromark-util-chunked@2.0.1", "", { "dependencies": { "micromark-util-symbol": "^2.0.0" } }, ""],

    "micromark-util-classify-character": ["micromark-util-classify-character@2.0.1", "", { "dependencies": { "micromark-util-character": "^2.0.0", "micromark-util-symbol": "^2.0.0", "micromark-util-types": "^2.0.0" } }, ""],

    "micromark-util-combine-extensions": ["micromark-util-combine-extensions@2.0.1", "", { "dependencies": { "micromark-util-chunked": "^2.0.0", "micromark-util-types": "^2.0.0" } }, ""],

    "micromark-util-decode-numeric-character-reference": ["micromark-util-decode-numeric-character-reference@2.0.2", "", { "dependencies": { "micromark-util-symbol": "^2.0.0" } }, ""],

    "micromark-util-encode": ["micromark-util-encode@2.0.1", "", {}, ""],

    "micromark-util-html-tag-name": ["micromark-util-html-tag-name@2.0.1", "", {}, ""],

    "micromark-util-normalize-identifier": ["micromark-util-normalize-identifier@2.0.1", "", { "dependencies": { "micromark-util-symbol": "^2.0.0" } }, ""],

    "micromark-util-resolve-all": ["micromark-util-resolve-all@2.0.1", "", { "dependencies": { "micromark-util-types": "^2.0.0" } }, ""],

    "micromark-util-sanitize-uri": ["micromark-util-sanitize-uri@2.0.1", "", { "dependencies": { "micromark-util-character": "^2.0.0", "micromark-util-encode": "^2.0.0", "micromark-util-symbol": "^2.0.0" } }, ""],

    "micromark-util-subtokenize": ["micromark-util-subtokenize@2.1.0", "", { "dependencies": { "devlop": "^1.0.0", "micromark-util-chunked": "^2.0.0", "micromark-util-symbol": "^2.0.0", "micromark-util-types": "^2.0.0" } }, ""],

    "micromark-util-symbol": ["micromark-util-symbol@2.0.1", "", {}, ""],

    "micromark-util-types": ["micromark-util-types@2.0.2", "", {}, ""],

    "minimatch": ["minimatch@10.2.5", "", { "dependencies": { "brace-expansion": "^5.0.5" } }, ""],

    "minimist": ["minimist@1.2.8", "", {}, ""],

    "ms": ["ms@2.1.3", "", {}, ""],

    "natural-compare": ["natural-compare@1.4.0", "", {}, ""],

    "optionator": ["optionator@0.9.4", "", { "dependencies": { "deep-is": "^0.1.3", "fast-levenshtein": "^2.0.6", "levn": "^0.4.1", "prelude-ls": "^1.2.1", "type-check": "^0.4.0", "word-wrap": "^1.2.5" } }, ""],

    "p-limit": ["p-limit@3.1.0", "", { "dependencies": { "yocto-queue": "^0.1.0" } }, ""],

    "p-locate": ["p-locate@5.0.0", "", { "dependencies": { "p-limit": "^3.0.2" } }, ""],

    "parse-entities": ["parse-entities@4.0.2", "", { "dependencies": { "@types/unist": "^2.0.0", "character-entities-legacy": "^3.0.0", "character-reference-invalid": "^2.0.0", "decode-named-character-reference": "^1.0.0", "is-alphanumerical": "^2.0.0", "is-decimal": "^2.0.0", "is-hexadecimal": "^2.0.0" } }, ""],

    "path-exists": ["path-exists@4.0.0", "", {}, ""],

    "path-key": ["path-key@3.1.1", "", {}, ""],

    "picomatch": ["picomatch@4.0.4", "", {}, ""],

    "prelude-ls": ["prelude-ls@1.2.1", "", {}, ""],

    "prettier": ["prettier@3.8.3", "", { "bin": "bin/prettier.cjs" }, ""],

    "punycode": ["punycode@2.3.1", "", {}, ""],

    "punycode.js": ["punycode.js@2.3.1", "", {}, ""],

    "run-con": ["run-con@1.3.2", "", { "dependencies": { "deep-extend": "^0.6.0", "ini": "~4.1.0", "minimist": "^1.2.8", "strip-json-comments": "~3.1.1" }, "bin": "cli.js" }, ""],

    "semver": ["semver@7.8.0", "", { "bin": "bin/semver.js" }, ""],

    "shebang-command": ["shebang-command@2.0.0", "", { "dependencies": { "shebang-regex": "^3.0.0" } }, ""],

    "shebang-regex": ["shebang-regex@3.0.0", "", {}, ""],

    "smol-toml": ["smol-toml@1.6.1", "", {}, ""],

    "string-width": ["string-width@8.1.0", "", { "dependencies": { "get-east-asian-width": "^1.3.0", "strip-ansi": "^7.1.0" } }, ""],

    "strip-ansi": ["strip-ansi@7.2.0", "", { "dependencies": { "ansi-regex": "^6.2.2" } }, ""],

    "strip-json-comments": ["strip-json-comments@3.1.1", "", {}, ""],

    "tinyglobby": ["tinyglobby@0.2.16", "", { "dependencies": { "fdir": "^6.5.0", "picomatch": "^4.0.4" } }, ""],

    "ts-api-utils": ["ts-api-utils@2.5.0", "", { "peerDependencies": { "typescript": ">=4.8.4" } }, ""],

    "type-check": ["type-check@0.4.0", "", { "dependencies": { "prelude-ls": "^1.2.1" } }, ""],

    "typescript": ["typescript@6.0.3", "", { "bin": { "tsc": "bin/tsc", "tsserver": "bin/tsserver" } }, ""],

    "uc.micro": ["uc.micro@2.1.0", "", {}, ""],

    "undici-types": ["undici-types@7.24.6", "", {}, ""],

    "uri-js": ["uri-js@4.4.1", "", { "dependencies": { "punycode": "^2.1.0" } }, ""],

    "which": ["which@2.0.2", "", { "dependencies": { "isexe": "^2.0.0" }, "bin": { "node-which": "bin/node-which" } }, ""],

    "word-wrap": ["word-wrap@1.2.5", "", {}, ""],

    "yocto-queue": ["yocto-queue@0.1.0", "", {}, ""],

    "@eslint-community/eslint-utils/eslint-visitor-keys": ["eslint-visitor-keys@3.4.3", "", {}, ""],

    "@typescript-eslint/parser/@typescript-eslint/scope-manager": ["@typescript-eslint/scope-manager@8.60.1", "", { "dependencies": { "@typescript-eslint/types": "8.60.1", "@typescript-eslint/visitor-keys": "8.60.1" } }, "sha512-gvI5OQoptnxQnchOirukCuQ55svJSTuD/4k5+pC267xyBtYry748R9/c3tYUzb/iE6RZfllRz2lVulLCHkTm4w=="],

    "@typescript-eslint/parser/@typescript-eslint/visitor-keys": ["@typescript-eslint/visitor-keys@8.60.1", "", { "dependencies": { "@typescript-eslint/types": "8.60.1", "eslint-visitor-keys": "^5.0.0" } }, "sha512-EbGRQg4FhrmwLodl+t3JNAnXHWVr9Vp+Zl1QBZVPY4ByfkzIT8cX3K6QWODHtkIZqqJVEWvhHSx3v5PDHsaQag=="],

    "@typescript-eslint/scope-manager/@typescript-eslint/types": ["@typescript-eslint/types@8.60.0", "", {}, "sha512-AsE7x2XaAK+CVbeih0Fvbn+r1qHxtpLDJ3XUuFcIinT318T90yHMJC+Zgv+jUuDjQQd06HKwxnDu6sz1IcTilA=="],

    "@typescript-eslint/type-utils/@typescript-eslint/types": ["@typescript-eslint/types@8.60.0", "", {}, "sha512-AsE7x2XaAK+CVbeih0Fvbn+r1qHxtpLDJ3XUuFcIinT318T90yHMJC+Zgv+jUuDjQQd06HKwxnDu6sz1IcTilA=="],

    "@typescript-eslint/type-utils/@typescript-eslint/typescript-estree": ["@typescript-eslint/typescript-estree@8.60.0", "", { "dependencies": { "@typescript-eslint/project-service": "8.60.0", "@typescript-eslint/tsconfig-utils": "8.60.0", "@typescript-eslint/types": "8.60.0", "@typescript-eslint/visitor-keys": "8.60.0", "debug": "^4.4.3", "minimatch": "^10.2.2", "semver": "^7.7.3", "tinyglobby": "^0.2.15", "ts-api-utils": "^2.5.0" }, "peerDependencies": { "typescript": ">=4.8.4 <6.1.0" } }, "sha512-3AcZNBGMClm6CXDyo8kYvVGT/sx29sS0oBsIb9oZI2gunA4Vm2M3YHzRLPvsUBBsl+yB5FPtltq7gGH0iTlp9g=="],

    "@typescript-eslint/typescript-estree/@typescript-eslint/visitor-keys": ["@typescript-eslint/visitor-keys@8.60.1", "", { "dependencies": { "@typescript-eslint/types": "8.60.1", "eslint-visitor-keys": "^5.0.0" } }, "sha512-EbGRQg4FhrmwLodl+t3JNAnXHWVr9Vp+Zl1QBZVPY4ByfkzIT8cX3K6QWODHtkIZqqJVEWvhHSx3v5PDHsaQag=="],

    "@typescript-eslint/utils/@typescript-eslint/types": ["@typescript-eslint/types@8.60.0", "", {}, "sha512-AsE7x2XaAK+CVbeih0Fvbn+r1qHxtpLDJ3XUuFcIinT318T90yHMJC+Zgv+jUuDjQQd06HKwxnDu6sz1IcTilA=="],

    "@typescript-eslint/utils/@typescript-eslint/typescript-estree": ["@typescript-eslint/typescript-estree@8.60.0", "", { "dependencies": { "@typescript-eslint/project-service": "8.60.0", "@typescript-eslint/tsconfig-utils": "8.60.0", "@typescript-eslint/types": "8.60.0", "@typescript-eslint/visitor-keys": "8.60.0", "debug": "^4.4.3", "minimatch": "^10.2.2", "semver": "^7.7.3", "tinyglobby": "^0.2.15", "ts-api-utils": "^2.5.0" }, "peerDependencies": { "typescript": ">=4.8.4 <6.1.0" } }, "sha512-3AcZNBGMClm6CXDyo8kYvVGT/sx29sS0oBsIb9oZI2gunA4Vm2M3YHzRLPvsUBBsl+yB5FPtltq7gGH0iTlp9g=="],

    "@typescript-eslint/visitor-keys/@typescript-eslint/types": ["@typescript-eslint/types@8.60.0", "", {}, "sha512-AsE7x2XaAK+CVbeih0Fvbn+r1qHxtpLDJ3XUuFcIinT318T90yHMJC+Zgv+jUuDjQQd06HKwxnDu6sz1IcTilA=="],

    "eslint/ignore": ["ignore@5.3.2", "", {}, ""],

    "katex/commander": ["commander@8.3.0", "", {}, ""],

    "@typescript-eslint/type-utils/@typescript-eslint/typescript-estree/@typescript-eslint/project-service": ["@typescript-eslint/project-service@8.60.0", "", { "dependencies": { "@typescript-eslint/tsconfig-utils": "^8.60.0", "@typescript-eslint/types": "^8.60.0", "debug": "^4.4.3" }, "peerDependencies": { "typescript": ">=4.8.4 <6.1.0" } }, "sha512-aZu74NNKJeUWqCjDddzdiKaS82dgYgV/vmf+Ui3ZdZejmgfXR/q+pRumgobnQ2cCJTgGTWp4ypiwsuofFubavg=="],

    "@typescript-eslint/type-utils/@typescript-eslint/typescript-estree/@typescript-eslint/tsconfig-utils": ["@typescript-eslint/tsconfig-utils@8.60.0", "", { "peerDependencies": { "typescript": ">=4.8.4 <6.1.0" } }, "sha512-BZPR3RGYlAXnly6ymAxfkVn5rCbZzQNou0rxv3GfWZ8cTQp+hhVd73khbGLAd8k1TlAPLISH337M+tAgAnaJDQ=="],

    "@typescript-eslint/utils/@typescript-eslint/typescript-estree/@typescript-eslint/project-service": ["@typescript-eslint/project-service@8.60.0", "", { "dependencies": { "@typescript-eslint/tsconfig-utils": "^8.60.0", "@typescript-eslint/types": "^8.60.0", "debug": "^4.4.3" }, "peerDependencies": { "typescript": ">=4.8.4 <6.1.0" } }, "sha512-aZu74NNKJeUWqCjDddzdiKaS82dgYgV/vmf+Ui3ZdZejmgfXR/q+pRumgobnQ2cCJTgGTWp4ypiwsuofFubavg=="],

    "@typescript-eslint/utils/@typescript-eslint/typescript-estree/@typescript-eslint/tsconfig-utils": ["@typescript-eslint/tsconfig-utils@8.60.0", "", { "peerDependencies": { "typescript": ">=4.8.4 <6.1.0" } }, "sha512-BZPR3RGYlAXnly6ymAxfkVn5rCbZzQNou0rxv3GfWZ8cTQp+hhVd73khbGLAd8k1TlAPLISH337M+tAgAnaJDQ=="],
  }
}
